// !$*UTF8*$!
{
	archiveVersion = 1;
	classes = {
	};
	objectVersion = 70;
	objects = {

/* Begin PBXBuildFile section */
		A41A1DE52CC8B48D007ECEEA /* WidgetKit.framework in Frameworks */ = {isa = PBXBuildFile; fileRef = A41A1DE42CC8B48D007ECEEA /* WidgetKit.framework */; };
		A41A1DE72CC8B48D007ECEEA /* SwiftUI.framework in Frameworks */ = {isa = PBXBuildFile; fileRef = A41A1DE62CC8B48D007ECEEA /* SwiftUI.framework */; };
		A41A1DEA2CC8B48D007ECEEA /* VerbalixWidgetBundle.swift in Sources */ = {isa = PBXBuildFile; fileRef = A41A1DE92CC8B48D007ECEEA /* VerbalixWidgetBundle.swift */; };
		A41A1DEC2CC8B48D007ECEEA /* VerbalixWidget.swift in Sources */ = {isa = PBXBuildFile; fileRef = A41A1DEB2CC8B48D007ECEEA /* VerbalixWidget.swift */; };
		A41A1DEE2CC8B48E007ECEEA /* Assets.xcassets in Resources */ = {isa = PBXBuildFile; fileRef = A41A1DED2CC8B48E007ECEEA /* Assets.xcassets */; };
		A41A1DF22CC8B48E007ECEEA /* VerbalixWidgetExtension.appex in Embed Foundation Extensions */ = {isa = PBXBuildFile; fileRef = A41A1DE32CC8B48D007ECEEA /* VerbalixWidgetExtension.appex */; settings = {ATTRIBUTES = (RemoveHeadersOnCopy, ); }; };
		A41A1DF82CC8B594007ECEEA /* Word.swift in Sources */ = {isa = PBXBuildFile; fileRef = A444D1262C75A36E00BC610F /* Word.swift */; };
		A41A1DFA2CC8BBF7007ECEEA /* SpeechManager.swift in Sources */ = {isa = PBXBuildFile; fileRef = A41A1DF92CC8BBF7007ECEEA /* SpeechManager.swift */; };
		A444D1232C75A36E00BC610F /* VerbalixApp.swift in Sources */ = {isa = PBXBuildFile; fileRef = A444D1222C75A36E00BC610F /* VerbalixApp.swift */; };
		A444D1272C75A36E00BC610F /* Word.swift in Sources */ = {isa = PBXBuildFile; fileRef = A444D1262C75A36E00BC610F /* Word.swift */; };
		A444D1292C75A36F00BC610F /* Assets.xcassets in Resources */ = {isa = PBXBuildFile; fileRef = A444D1282C75A36F00BC610F /* Assets.xcassets */; };
		A444D12C2C75A36F00BC610F /* Preview Assets.xcassets in Resources */ = {isa = PBXBuildFile; fileRef = A444D12B2C75A36F00BC610F /* Preview Assets.xcassets */; };
		A444D1362C75A36F00BC610F /* VerbalixTests.swift in Sources */ = {isa = PBXBuildFile; fileRef = A444D1352C75A36F00BC610F /* VerbalixTests.swift */; };
		A444D1402C75A36F00BC610F /* VerbalixUITests.swift in Sources */ = {isa = PBXBuildFile; fileRef = A444D13F2C75A36F00BC610F /* VerbalixUITests.swift */; };
		A444D1422C75A36F00BC610F /* VerbalixUITestsLaunchTests.swift in Sources */ = {isa = PBXBuildFile; fileRef = A444D1412C75A36F00BC610F /* VerbalixUITestsLaunchTests.swift */; };
		A444D1552C75A55700BC610F /* ShareViewController.swift in Sources */ = {isa = PBXBuildFile; fileRef = A444D1542C75A55700BC610F /* ShareViewController.swift */; };
		A444D1582C75A55700BC610F /* Base in Resources */ = {isa = PBXBuildFile; fileRef = A444D1572C75A55700BC610F /* Base */; };
		A444D15C2C75A55700BC610F /* VerbalixShareExtension.appex in Embed Foundation Extensions */ = {isa = PBXBuildFile; fileRef = A444D1522C75A55700BC610F /* VerbalixShareExtension.appex */; settings = {ATTRIBUTES = (RemoveHeadersOnCopy, ); }; };
		A444D1682C75A73800BC610F /* UniformTypeIdentifiers.framework in Frameworks */ = {isa = PBXBuildFile; fileRef = A444D1672C75A73800BC610F /* UniformTypeIdentifiers.framework */; };
		A444D16B2C75A73800BC610F /* Media.xcassets in Resources */ = {isa = PBXBuildFile; fileRef = A444D16A2C75A73800BC610F /* Media.xcassets */; };
		A444D16D2C75A73800BC610F /* ActionRequestHandler.swift in Sources */ = {isa = PBXBuildFile; fileRef = A444D16C2C75A73800BC610F /* ActionRequestHandler.swift */; };
		A444D16F2C75A73800BC610F /* Action.js in Resources */ = {isa = PBXBuildFile; fileRef = A444D16E2C75A73800BC610F /* Action.js */; };
		A444D1732C75A73800BC610F /* VerbalixActionExtension.appex in Embed Foundation Extensions */ = {isa = PBXBuildFile; fileRef = A444D1652C75A73800BC610F /* VerbalixActionExtension.appex */; settings = {ATTRIBUTES = (RemoveHeadersOnCopy, ); }; };
		A444D1782C9A893500BC610F /* AddWordPopup.swift in Sources */ = {isa = PBXBuildFile; fileRef = A444D1772C9A893500BC610F /* AddWordPopup.swift */; };
/* End PBXBuildFile section */

/* Begin PBXContainerItemProxy section */
		A41A1DF02CC8B48E007ECEEA /* PBXContainerItemProxy */ = {
			isa = PBXContainerItemProxy;
			containerPortal = A444D1172C75A36E00BC610F /* Project object */;
			proxyType = 1;
			remoteGlobalIDString = A41A1DE22CC8B48D007ECEEA;
			remoteInfo = VerbalixWidgetExtension;
		};
		A444D1322C75A36F00BC610F /* PBXContainerItemProxy */ = {
			isa = PBXContainerItemProxy;
			containerPortal = A444D1172C75A36E00BC610F /* Project object */;
			proxyType = 1;
			remoteGlobalIDString = A444D11E2C75A36E00BC610F;
			remoteInfo = Verbalix;
		};
		A444D13C2C75A36F00BC610F /* PBXContainerItemProxy */ = {
			isa = PBXContainerItemProxy;
			containerPortal = A444D1172C75A36E00BC610F /* Project object */;
			proxyType = 1;
			remoteGlobalIDString = A444D11E2C75A36E00BC610F;
			remoteInfo = Verbalix;
		};
		A444D15A2C75A55700BC610F /* PBXContainerItemProxy */ = {
			isa = PBXContainerItemProxy;
			containerPortal = A444D1172C75A36E00BC610F /* Project object */;
			proxyType = 1;
			remoteGlobalIDString = A444D1512C75A55700BC610F;
			remoteInfo = VerbalixShareExtension;
		};
		A444D1712C75A73800BC610F /* PBXContainerItemProxy */ = {
			isa = PBXContainerItemProxy;
			containerPortal = A444D1172C75A36E00BC610F /* Project object */;
			proxyType = 1;
			remoteGlobalIDString = A444D1642C75A73800BC610F;
			remoteInfo = VerbalixActionExtension;
		};
/* End PBXContainerItemProxy section */

/* Begin PBXCopyFilesBuildPhase section */
		A444D1602C75A55700BC610F /* Embed Foundation Extensions */ = {
			isa = PBXCopyFilesBuildPhase;
			buildActionMask = 12;
			dstPath = "";
			dstSubfolderSpec = 13;
			files = (
				A444D15C2C75A55700BC610F /* VerbalixShareExtension.appex in Embed Foundation Extensions */,
				A41A1DF22CC8B48E007ECEEA /* VerbalixWidgetExtension.appex in Embed Foundation Extensions */,
				A444D1732C75A73800BC610F /* VerbalixActionExtension.appex in Embed Foundation Extensions */,
			);
			name = "Embed Foundation Extensions";
			runOnlyForDeploymentPostprocessing = 0;
		};
/* End PBXCopyFilesBuildPhase section */

/* Begin PBXFileReference section */
		A41A1DE32CC8B48D007ECEEA /* VerbalixWidgetExtension.appex */ = {isa = PBXFileReference; explicitFileType = "wrapper.app-extension"; includeInIndex = 0; path = VerbalixWidgetExtension.appex; sourceTree = BUILT_PRODUCTS_DIR; };
		A41A1DE42CC8B48D007ECEEA /* WidgetKit.framework */ = {isa = PBXFileReference; lastKnownFileType = wrapper.framework; name = WidgetKit.framework; path = System/Library/Frameworks/WidgetKit.framework; sourceTree = SDKROOT; };
		A41A1DE62CC8B48D007ECEEA /* SwiftUI.framework */ = {isa = PBXFileReference; lastKnownFileType = wrapper.framework; name = SwiftUI.framework; path = System/Library/Frameworks/SwiftUI.framework; sourceTree = SDKROOT; };
		A41A1DE92CC8B48D007ECEEA /* VerbalixWidgetBundle.swift */ = {isa = PBXFileReference; lastKnownFileType = sourcecode.swift; path = VerbalixWidgetBundle.swift; sourceTree = "<group>"; };
		A41A1DEB2CC8B48D007ECEEA /* VerbalixWidget.swift */ = {isa = PBXFileReference; lastKnownFileType = sourcecode.swift; path = VerbalixWidget.swift; sourceTree = "<group>"; };
		A41A1DED2CC8B48E007ECEEA /* Assets.xcassets */ = {isa = PBXFileReference; lastKnownFileType = folder.assetcatalog; path = Assets.xcassets; sourceTree = "<group>"; };
		A41A1DEF2CC8B48E007ECEEA /* Info.plist */ = {isa = PBXFileReference; lastKnownFileType = text.plist.xml; path = Info.plist; sourceTree = "<group>"; };
		A41A1DF62CC8B4B5007ECEEA /* Verbalix.entitlements */ = {isa = PBXFileReference; lastKnownFileType = text.plist.entitlements; path = Verbalix.entitlements; sourceTree = "<group>"; };
		A41A1DF72CC8B4C4007ECEEA /* VerbalixWidgetExtension.entitlements */ = {isa = PBXFileReference; lastKnownFileType = text.plist.entitlements; path = VerbalixWidgetExtension.entitlements; sourceTree = "<group>"; };
		A41A1DF92CC8BBF7007ECEEA /* SpeechManager.swift */ = {isa = PBXFileReference; lastKnownFileType = sourcecode.swift; path = SpeechManager.swift; sourceTree = "<group>"; };
		A444D11F2C75A36E00BC610F /* Verbalix.app */ = {isa = PBXFileReference; explicitFileType = wrapper.application; includeInIndex = 0; path = Verbalix.app; sourceTree = BUILT_PRODUCTS_DIR; };
		A444D1222C75A36E00BC610F /* VerbalixApp.swift */ = {isa = PBXFileReference; lastKnownFileType = sourcecode.swift; path = VerbalixApp.swift; sourceTree = "<group>"; };
		A444D1262C75A36E00BC610F /* Word.swift */ = {isa = PBXFileReference; lastKnownFileType = sourcecode.swift; path = Word.swift; sourceTree = "<group>"; };
		A444D1282C75A36F00BC610F /* Assets.xcassets */ = {isa = PBXFileReference; lastKnownFileType = folder.assetcatalog; path = Assets.xcassets; sourceTree = "<group>"; };
		A444D12B2C75A36F00BC610F /* Preview Assets.xcassets */ = {isa = PBXFileReference; lastKnownFileType = folder.assetcatalog; path = "Preview Assets.xcassets"; sourceTree = "<group>"; };
		A444D1312C75A36F00BC610F /* VerbalixTests.xctest */ = {isa = PBXFileReference; explicitFileType = wrapper.cfbundle; includeInIndex = 0; path = VerbalixTests.xctest; sourceTree = BUILT_PRODUCTS_DIR; };
		A444D1352C75A36F00BC610F /* VerbalixTests.swift */ = {isa = PBXFileReference; lastKnownFileType = sourcecode.swift; path = VerbalixTests.swift; sourceTree = "<group>"; };
		A444D13B2C75A36F00BC610F /* VerbalixUITests.xctest */ = {isa = PBXFileReference; explicitFileType = wrapper.cfbundle; includeInIndex = 0; path = VerbalixUITests.xctest; sourceTree = BUILT_PRODUCTS_DIR; };
		A444D13F2C75A36F00BC610F /* VerbalixUITests.swift */ = {isa = PBXFileReference; lastKnownFileType = sourcecode.swift; path = VerbalixUITests.swift; sourceTree = "<group>"; };
		A444D1412C75A36F00BC610F /* VerbalixUITestsLaunchTests.swift */ = {isa = PBXFileReference; lastKnownFileType = sourcecode.swift; path = VerbalixUITestsLaunchTests.swift; sourceTree = "<group>"; };
		A444D1522C75A55700BC610F /* VerbalixShareExtension.appex */ = {isa = PBXFileReference; explicitFileType = "wrapper.app-extension"; includeInIndex = 0; path = VerbalixShareExtension.appex; sourceTree = BUILT_PRODUCTS_DIR; };
		A444D1542C75A55700BC610F /* ShareViewController.swift */ = {isa = PBXFileReference; lastKnownFileType = sourcecode.swift; path = ShareViewController.swift; sourceTree = "<group>"; };
		A444D1572C75A55700BC610F /* Base */ = {isa = PBXFileReference; lastKnownFileType = file.storyboard; name = Base; path = Base.lproj/MainInterface.storyboard; sourceTree = "<group>"; };
		A444D1592C75A55700BC610F /* Info.plist */ = {isa = PBXFileReference; lastKnownFileType = text.plist.xml; path = Info.plist; sourceTree = "<group>"; };
		A444D1652C75A73800BC610F /* VerbalixActionExtension.appex */ = {isa = PBXFileReference; explicitFileType = "wrapper.app-extension"; includeInIndex = 0; path = VerbalixActionExtension.appex; sourceTree = BUILT_PRODUCTS_DIR; };
		A444D1672C75A73800BC610F /* UniformTypeIdentifiers.framework */ = {isa = PBXFileReference; lastKnownFileType = wrapper.framework; name = UniformTypeIdentifiers.framework; path = System/Library/Frameworks/UniformTypeIdentifiers.framework; sourceTree = SDKROOT; };
		A444D16A2C75A73800BC610F /* Media.xcassets */ = {isa = PBXFileReference; lastKnownFileType = folder.assetcatalog; path = Media.xcassets; sourceTree = "<group>"; };
		A444D16C2C75A73800BC610F /* ActionRequestHandler.swift */ = {isa = PBXFileReference; lastKnownFileType = sourcecode.swift; path = ActionRequestHandler.swift; sourceTree = "<group>"; };
		A444D16E2C75A73800BC610F /* Action.js */ = {isa = PBXFileReference; lastKnownFileType = sourcecode.javascript; path = Action.js; sourceTree = "<group>"; };
		A444D1702C75A73800BC610F /* Info.plist */ = {isa = PBXFileReference; lastKnownFileType = text.plist.xml; path = Info.plist; sourceTree = "<group>"; };
		A444D1772C9A893500BC610F /* AddWordPopup.swift */ = {isa = PBXFileReference; lastKnownFileType = sourcecode.swift; path = AddWordPopup.swift; sourceTree = "<group>"; };
/* End PBXFileReference section */

/* Begin PBXFileSystemSynchronizedBuildFileExceptionSet section */
		A479E83B2CD8164E0079FE15 /* PBXFileSystemSynchronizedBuildFileExceptionSet */ = {
			isa = PBXFileSystemSynchronizedBuildFileExceptionSet;
			membershipExceptions = (
				ShuffleWidgetIntent.swift,
			);
			target = A41A1DE22CC8B48D007ECEEA /* VerbalixWidgetExtension */;
		};
/* End PBXFileSystemSynchronizedBuildFileExceptionSet section */

/* Begin PBXFileSystemSynchronizedRootGroup section */
		A479E8372CD815DE0079FE15 /* Intents */ = {isa = PBXFileSystemSynchronizedRootGroup; exceptions = (A479E83B2CD8164E0079FE15 /* PBXFileSystemSynchronizedBuildFileExceptionSet */, ); explicitFileTypes = {}; explicitFolders = (); path = Intents; sourceTree = "<group>"; };
		A479E83C2CD8215A0079FE15 /* Views */ = {isa = PBXFileSystemSynchronizedRootGroup; explicitFileTypes = {}; explicitFolders = (); path = Views; sourceTree = "<group>"; };
/* End PBXFileSystemSynchronizedRootGroup section */

/* Begin PBXFrameworksBuildPhase section */
		A41A1DE02CC8B48D007ECEEA /* Frameworks */ = {
			isa = PBXFrameworksBuildPhase;
			buildActionMask = 2147483647;
			files = (
				A41A1DE72CC8B48D007ECEEA /* SwiftUI.framework in Frameworks */,
				A41A1DE52CC8B48D007ECEEA /* WidgetKit.framework in Frameworks */,
			);
			runOnlyForDeploymentPostprocessing = 0;
		};
		A444D11C2C75A36E00BC610F /* Frameworks */ = {
			isa = PBXFrameworksBuildPhase;
			buildActionMask = 2147483647;
			files = (
			);
			runOnlyForDeploymentPostprocessing = 0;
		};
		A444D12E2C75A36F00BC610F /* Frameworks */ = {
			isa = PBXFrameworksBuildPhase;
			buildActionMask = 2147483647;
			files = (
			);
			runOnlyForDeploymentPostprocessing = 0;
		};
		A444D1382C75A36F00BC610F /* Frameworks */ = {
			isa = PBXFrameworksBuildPhase;
			buildActionMask = 2147483647;
			files = (
			);
			runOnlyForDeploymentPostprocessing = 0;
		};
		A444D14F2C75A55700BC610F /* Frameworks */ = {
			isa = PBXFrameworksBuildPhase;
			buildActionMask = 2147483647;
			files = (
			);
			runOnlyForDeploymentPostprocessing = 0;
		};
		A444D1622C75A73800BC610F /* Frameworks */ = {
			isa = PBXFrameworksBuildPhase;
			buildActionMask = 2147483647;
			files = (
				A444D1682C75A73800BC610F /* UniformTypeIdentifiers.framework in Frameworks */,
			);
			runOnlyForDeploymentPostprocessing = 0;
		};
/* End PBXFrameworksBuildPhase section */

/* Begin PBXGroup section */
		A41A1DE82CC8B48D007ECEEA /* VerbalixWidget */ = {
			isa = PBXGroup;
			children = (
				A41A1DE92CC8B48D007ECEEA /* VerbalixWidgetBundle.swift */,
				A41A1DEB2CC8B48D007ECEEA /* VerbalixWidget.swift */,
				A41A1DED2CC8B48E007ECEEA /* Assets.xcassets */,
				A41A1DEF2CC8B48E007ECEEA /* Info.plist */,
			);
			path = VerbalixWidget;
			sourceTree = "<group>";
		};
		A444D1162C75A36E00BC610F = {
			isa = PBXGroup;
			children = (
				A41A1DF72CC8B4C4007ECEEA /* VerbalixWidgetExtension.entitlements */,
				A444D1212C75A36E00BC610F /* Verbalix */,
				A444D1342C75A36F00BC610F /* VerbalixTests */,
				A444D13E2C75A36F00BC610F /* VerbalixUITests */,
				A444D1532C75A55700BC610F /* VerbalixShareExtension */,
				A444D1692C75A73800BC610F /* VerbalixActionExtension */,
				A41A1DE82CC8B48D007ECEEA /* VerbalixWidget */,
				A444D1662C75A73800BC610F /* Frameworks */,
				A444D1202C75A36E00BC610F /* Products */,
			);
			sourceTree = "<group>";
		};
		A444D1202C75A36E00BC610F /* Products */ = {
			isa = PBXGroup;
			children = (
				A444D11F2C75A36E00BC610F /* Verbalix.app */,
				A444D1312C75A36F00BC610F /* VerbalixTests.xctest */,
				A444D13B2C75A36F00BC610F /* VerbalixUITests.xctest */,
				A444D1522C75A55700BC610F /* VerbalixShareExtension.appex */,
				A444D1652C75A73800BC610F /* VerbalixActionExtension.appex */,
				A41A1DE32CC8B48D007ECEEA /* VerbalixWidgetExtension.appex */,
			);
			name = Products;
			sourceTree = "<group>";
		};
		A444D1212C75A36E00BC610F /* Verbalix */ = {
			isa = PBXGroup;
			children = (
				A479E83C2CD8215A0079FE15 /* Views */,
				A479E8372CD815DE0079FE15 /* Intents */,
				A41A1DF62CC8B4B5007ECEEA /* Verbalix.entitlements */,
				A444D1222C75A36E00BC610F /* VerbalixApp.swift */,
				A41A1DF92CC8BBF7007ECEEA /* SpeechManager.swift */,
				A444D1772C9A893500BC610F /* AddWordPopup.swift */,
				A444D1262C75A36E00BC610F /* Word.swift */,
				A444D1282C75A36F00BC610F /* Assets.xcassets */,
				A444D12A2C75A36F00BC610F /* Preview Content */,
			);
			path = Verbalix;
			sourceTree = "<group>";
		};
		A444D12A2C75A36F00BC610F /* Preview Content */ = {
			isa = PBXGroup;
			children = (
				A444D12B2C75A36F00BC610F /* Preview Assets.xcassets */,
			);
			path = "Preview Content";
			sourceTree = "<group>";
		};
		A444D1342C75A36F00BC610F /* VerbalixTests */ = {
			isa = PBXGroup;
			children = (
				A444D1352C75A36F00BC610F /* VerbalixTests.swift */,
			);
			path = VerbalixTests;
			sourceTree = "<group>";
		};
		A444D13E2C75A36F00BC610F /* VerbalixUITests */ = {
			isa = PBXGroup;
			children = (
				A444D13F2C75A36F00BC610F /* VerbalixUITests.swift */,
				A444D1412C75A36F00BC610F /* VerbalixUITestsLaunchTests.swift */,
			);
			path = VerbalixUITests;
			sourceTree = "<group>";
		};
		A444D1532C75A55700BC610F /* VerbalixShareExtension */ = {
			isa = PBXGroup;
			children = (
				A444D1542C75A55700BC610F /* ShareViewController.swift */,
				A444D1562C75A55700BC610F /* MainInterface.storyboard */,
				A444D1592C75A55700BC610F /* Info.plist */,
			);
			path = VerbalixShareExtension;
			sourceTree = "<group>";
		};
		A444D1662C75A73800BC610F /* Frameworks */ = {
			isa = PBXGroup;
			children = (
				A444D1672C75A73800BC610F /* UniformTypeIdentifiers.framework */,
				A41A1DE42CC8B48D007ECEEA /* WidgetKit.framework */,
				A41A1DE62CC8B48D007ECEEA /* SwiftUI.framework */,
			);
			name = Frameworks;
			sourceTree = "<group>";
		};
		A444D1692C75A73800BC610F /* VerbalixActionExtension */ = {
			isa = PBXGroup;
			children = (
				A444D16A2C75A73800BC610F /* Media.xcassets */,
				A444D16C2C75A73800BC610F /* ActionRequestHandler.swift */,
				A444D16E2C75A73800BC610F /* Action.js */,
				A444D1702C75A73800BC610F /* Info.plist */,
			);
			path = VerbalixActionExtension;
			sourceTree = "<group>";
		};
/* End PBXGroup section */

/* Begin PBXNativeTarget section */
		A41A1DE22CC8B48D007ECEEA /* VerbalixWidgetExtension */ = {
			isa = PBXNativeTarget;
			buildConfigurationList = A41A1DF52CC8B48E007ECEEA /* Build configuration list for PBXNativeTarget "VerbalixWidgetExtension" */;
			buildPhases = (
				A41A1DDF2CC8B48D007ECEEA /* Sources */,
				A41A1DE02CC8B48D007ECEEA /* Frameworks */,
				A41A1DE12CC8B48D007ECEEA /* Resources */,
			);
			buildRules = (
			);
			dependencies = (
			);
			name = VerbalixWidgetExtension;
			productName = VerbalixWidgetExtension;
			productReference = A41A1DE32CC8B48D007ECEEA /* VerbalixWidgetExtension.appex */;
			productType = "com.apple.product-type.app-extension";
		};
		A444D11E2C75A36E00BC610F /* Verbalix */ = {
			isa = PBXNativeTarget;
			buildConfigurationList = A444D1452C75A36F00BC610F /* Build configuration list for PBXNativeTarget "Verbalix" */;
			buildPhases = (
				A444D11B2C75A36E00BC610F /* Sources */,
				A444D11C2C75A36E00BC610F /* Frameworks */,
				A444D11D2C75A36E00BC610F /* Resources */,
				A444D1602C75A55700BC610F /* Embed Foundation Extensions */,
			);
			buildRules = (
			);
			dependencies = (
				A444D15B2C75A55700BC610F /* PBXTargetDependency */,
				A444D1722C75A73800BC610F /* PBXTargetDependency */,
				A41A1DF12CC8B48E007ECEEA /* PBXTargetDependency */,
			);
			fileSystemSynchronizedGroups = (
				A479E8372CD815DE0079FE15 /* Intents */,
				A479E83C2CD8215A0079FE15 /* Views */,
			);
			name = Verbalix;
			productName = Verbalix;
			productReference = A444D11F2C75A36E00BC610F /* Verbalix.app */;
			productType = "com.apple.product-type.application";
		};
		A444D1302C75A36F00BC610F /* VerbalixTests */ = {
			isa = PBXNativeTarget;
			buildConfigurationList = A444D1482C75A36F00BC610F /* Build configuration list for PBXNativeTarget "VerbalixTests" */;
			buildPhases = (
				A444D12D2C75A36F00BC610F /* Sources */,
				A444D12E2C75A36F00BC610F /* Frameworks */,
				A444D12F2C75A36F00BC610F /* Resources */,
			);
			buildRules = (
			);
			dependencies = (
				A444D1332C75A36F00BC610F /* PBXTargetDependency */,
			);
			name = VerbalixTests;
			productName = VerbalixTests;
			productReference = A444D1312C75A36F00BC610F /* VerbalixTests.xctest */;
			productType = "com.apple.product-type.bundle.unit-test";
		};
		A444D13A2C75A36F00BC610F /* VerbalixUITests */ = {
			isa = PBXNativeTarget;
			buildConfigurationList = A444D14B2C75A36F00BC610F /* Build configuration list for PBXNativeTarget "VerbalixUITests" */;
			buildPhases = (
				A444D1372C75A36F00BC610F /* Sources */,
				A444D1382C75A36F00BC610F /* Frameworks */,
				A444D1392C75A36F00BC610F /* Resources */,
			);
			buildRules = (
			);
			dependencies = (
				A444D13D2C75A36F00BC610F /* PBXTargetDependency */,
			);
			name = VerbalixUITests;
			productName = VerbalixUITests;
			productReference = A444D13B2C75A36F00BC610F /* VerbalixUITests.xctest */;
			productType = "com.apple.product-type.bundle.ui-testing";
		};
		A444D1512C75A55700BC610F /* VerbalixShareExtension */ = {
			isa = PBXNativeTarget;
			buildConfigurationList = A444D15D2C75A55700BC610F /* Build configuration list for PBXNativeTarget "VerbalixShareExtension" */;
			buildPhases = (
				A444D14E2C75A55700BC610F /* Sources */,
				A444D14F2C75A55700BC610F /* Frameworks */,
				A444D1502C75A55700BC610F /* Resources */,
			);
			buildRules = (
			);
			dependencies = (
			);
			name = VerbalixShareExtension;
			productName = VerbalixShareExtension;
			productReference = A444D1522C75A55700BC610F /* VerbalixShareExtension.appex */;
			productType = "com.apple.product-type.app-extension";
		};
		A444D1642C75A73800BC610F /* VerbalixActionExtension */ = {
			isa = PBXNativeTarget;
			buildConfigurationList = A444D1742C75A73800BC610F /* Build configuration list for PBXNativeTarget "VerbalixActionExtension" */;
			buildPhases = (
				A444D1612C75A73800BC610F /* Sources */,
				A444D1622C75A73800BC610F /* Frameworks */,
				A444D1632C75A73800BC610F /* Resources */,
			);
			buildRules = (
			);
			dependencies = (
			);
			name = VerbalixActionExtension;
			productName = VerbalixActionExtension;
			productReference = A444D1652C75A73800BC610F /* VerbalixActionExtension.appex */;
			productType = "com.apple.product-type.app-extension";
		};
/* End PBXNativeTarget section */

/* Begin PBXProject section */
		A444D1172C75A36E00BC610F /* Project object */ = {
			isa = PBXProject;
			attributes = {
				BuildIndependentTargetsInParallel = 1;
				LastSwiftUpdateCheck = 1530;
				LastUpgradeCheck = 1530;
				TargetAttributes = {
					A41A1DE22CC8B48D007ECEEA = {
						CreatedOnToolsVersion = 15.3;
					};
					A444D11E2C75A36E00BC610F = {
						CreatedOnToolsVersion = 15.3;
					};
					A444D1302C75A36F00BC610F = {
						CreatedOnToolsVersion = 15.3;
						TestTargetID = A444D11E2C75A36E00BC610F;
					};
					A444D13A2C75A36F00BC610F = {
						CreatedOnToolsVersion = 15.3;
						TestTargetID = A444D11E2C75A36E00BC610F;
					};
					A444D1512C75A55700BC610F = {
						CreatedOnToolsVersion = 15.3;
					};
					A444D1642C75A73800BC610F = {
						CreatedOnToolsVersion = 15.3;
					};
				};
			};
			buildConfigurationList = A444D11A2C75A36E00BC610F /* Build configuration list for PBXProject "Verbalix" */;
			compatibilityVersion = "Xcode 14.0";
			developmentRegion = en;
			hasScannedForEncodings = 0;
			knownRegions = (
				en,
				Base,
			);
			mainGroup = A444D1162C75A36E00BC610F;
			productRefGroup = A444D1202C75A36E00BC610F /* Products */;
			projectDirPath = "";
			projectRoot = "";
			targets = (
				A444D11E2C75A36E00BC610F /* Verbalix */,
				A444D1302C75A36F00BC610F /* VerbalixTests */,
				A444D13A2C75A36F00BC610F /* VerbalixUITests */,
				A444D1512C75A55700BC610F /* VerbalixShareExtension */,
				A444D1642C75A73800BC610F /* VerbalixActionExtension */,
				A41A1DE22CC8B48D007ECEEA /* VerbalixWidgetExtension */,
			);
		};
/* End PBXProject section */

/* Begin PBXResourcesBuildPhase section */
		A41A1DE12CC8B48D007ECEEA /* Resources */ = {
			isa = PBXResourcesBuildPhase;
			buildActionMask = 2147483647;
			files = (
				A41A1DEE2CC8B48E007ECEEA /* Assets.xcassets in Resources */,
			);
			runOnlyForDeploymentPostprocessing = 0;
		};
		A444D11D2C75A36E00BC610F /* Resources */ = {
			isa = PBXResourcesBuildPhase;
			buildActionMask = 2147483647;
			files = (
				A444D12C2C75A36F00BC610F /* Preview Assets.xcassets in Resources */,
				A444D1292C75A36F00BC610F /* Assets.xcassets in Resources */,
			);
			runOnlyForDeploymentPostprocessing = 0;
		};
		A444D12F2C75A36F00BC610F /* Resources */ = {
			isa = PBXResourcesBuildPhase;
			buildActionMask = 2147483647;
			files = (
			);
			runOnlyForDeploymentPostprocessing = 0;
		};
		A444D1392C75A36F00BC610F /* Resources */ = {
			isa = PBXResourcesBuildPhase;
			buildActionMask = 2147483647;
			files = (
			);
			runOnlyForDeploymentPostprocessing = 0;
		};
		A444D1502C75A55700BC610F /* Resources */ = {
			isa = PBXResourcesBuildPhase;
			buildActionMask = 2147483647;
			files = (
				A444D1582C75A55700BC610F /* Base in Resources */,
			);
			runOnlyForDeploymentPostprocessing = 0;
		};
		A444D1632C75A73800BC610F /* Resources */ = {
			isa = PBXResourcesBuildPhase;
			buildActionMask = 2147483647;
			files = (
				A444D16F2C75A73800BC610F /* Action.js in Resources */,
				A444D16B2C75A73800BC610F /* Media.xcassets in Resources */,
			);
			runOnlyForDeploymentPostprocessing = 0;
		};
/* End PBXResourcesBuildPhase section */

/* Begin PBXSourcesBuildPhase section */
		A41A1DDF2CC8B48D007ECEEA /* Sources */ = {
			isa = PBXSourcesBuildPhase;
			buildActionMask = 2147483647;
			files = (
				A41A1DEC2CC8B48D007ECEEA /* VerbalixWidget.swift in Sources */,
				A41A1DEA2CC8B48D007ECEEA /* VerbalixWidgetBundle.swift in Sources */,
				A41A1DF82CC8B594007ECEEA /* Word.swift in Sources */,
			);
			runOnlyForDeploymentPostprocessing = 0;
		};
		A444D11B2C75A36E00BC610F /* Sources */ = {
			isa = PBXSourcesBuildPhase;
			buildActionMask = 2147483647;
			files = (
				A41A1DFA2CC8BBF7007ECEEA /* SpeechManager.swift in Sources */,
				A444D1272C75A36E00BC610F /* Word.swift in Sources */,
				A444D1782C9A893500BC610F /* AddWordPopup.swift in Sources */,
				A444D1232C75A36E00BC610F /* VerbalixApp.swift in Sources */,
			);
			runOnlyForDeploymentPostprocessing = 0;
		};
		A444D12D2C75A36F00BC610F /* Sources */ = {
			isa = PBXSourcesBuildPhase;
			buildActionMask = 2147483647;
			files = (
				A444D1362C75A36F00BC610F /* VerbalixTests.swift in Sources */,
			);
			runOnlyForDeploymentPostprocessing = 0;
		};
		A444D1372C75A36F00BC610F /* Sources */ = {
			isa = PBXSourcesBuildPhase;
			buildActionMask = 2147483647;
			files = (
				A444D1422C75A36F00BC610F /* VerbalixUITestsLaunchTests.swift in Sources */,
				A444D1402C75A36F00BC610F /* VerbalixUITests.swift in Sources */,
			);
			runOnlyForDeploymentPostprocessing = 0;
		};
		A444D14E2C75A55700BC610F /* Sources */ = {
			isa = PBXSourcesBuildPhase;
			buildActionMask = 2147483647;
			files = (
				A444D1552C75A55700BC610F /* ShareViewController.swift in Sources */,
			);
			runOnlyForDeploymentPostprocessing = 0;
		};
		A444D1612C75A73800BC610F /* Sources */ = {
			isa = PBXSourcesBuildPhase;
			buildActionMask = 2147483647;
			files = (
				A444D16D2C75A73800BC610F /* ActionRequestHandler.swift in Sources */,
			);
			runOnlyForDeploymentPostprocessing = 0;
		};
/* End PBXSourcesBuildPhase section */

/* Begin PBXTargetDependency section */
		A41A1DF12CC8B48E007ECEEA /* PBXTargetDependency */ = {
			isa = PBXTargetDependency;
			target = A41A1DE22CC8B48D007ECEEA /* VerbalixWidgetExtension */;
			targetProxy = A41A1DF02CC8B48E007ECEEA /* PBXContainerItemProxy */;
		};
		A444D1332C75A36F00BC610F /* PBXTargetDependency */ = {
			isa = PBXTargetDependency;
			target = A444D11E2C75A36E00BC610F /* Verbalix */;
			targetProxy = A444D1322C75A36F00BC610F /* PBXContainerItemProxy */;
		};
		A444D13D2C75A36F00BC610F /* PBXTargetDependency */ = {
			isa = PBXTargetDependency;
			target = A444D11E2C75A36E00BC610F /* Verbalix */;
			targetProxy = A444D13C2C75A36F00BC610F /* PBXContainerItemProxy */;
		};
		A444D15B2C75A55700BC610F /* PBXTargetDependency */ = {
			isa = PBXTargetDependency;
			target = A444D1512C75A55700BC610F /* VerbalixShareExtension */;
			targetProxy = A444D15A2C75A55700BC610F /* PBXContainerItemProxy */;
		};
		A444D1722C75A73800BC610F /* PBXTargetDependency */ = {
			isa = PBXTargetDependency;
			target = A444D1642C75A73800BC610F /* VerbalixActionExtension */;
			targetProxy = A444D1712C75A73800BC610F /* PBXContainerItemProxy */;
		};
/* End PBXTargetDependency section */

/* Begin PBXVariantGroup section */
		A444D1562C75A55700BC610F /* MainInterface.storyboard */ = {
			isa = PBXVariantGroup;
			children = (
				A444D1572C75A55700BC610F /* Base */,
			);
			name = MainInterface.storyboard;
			sourceTree = "<group>";
		};
/* End PBXVariantGroup section */

/* Begin XCBuildConfiguration section */
		A41A1DF32CC8B48E007ECEEA /* Debug */ = {
			isa = XCBuildConfiguration;
			buildSettings = {
				ASSETCATALOG_COMPILER_GLOBAL_ACCENT_COLOR_NAME = AccentColor;
				ASSETCATALOG_COMPILER_WIDGET_BACKGROUND_COLOR_NAME = WidgetBackground;
				CODE_SIGN_ENTITLEMENTS = VerbalixWidgetExtension.entitlements;
				CODE_SIGN_STYLE = Automatic;
				CURRENT_PROJECT_VERSION = 1;
				DEVELOPMENT_TEAM = K2WR3HLA57;
				GENERATE_INFOPLIST_FILE = YES;
				INFOPLIST_FILE = VerbalixWidget/Info.plist;
				INFOPLIST_KEY_CFBundleDisplayName = VerbalixWidget;
				INFOPLIST_KEY_NSHumanReadableCopyright = "";
				LD_RUNPATH_SEARCH_PATHS = (
					"$(inherited)",
					"@executable_path/Frameworks",
					"@executable_path/../../Frameworks",
				);
				MARKETING_VERSION = 1.0;
				PRODUCT_BUNDLE_IDENTIFIER = com.alexbeals.Verbalix.VerbalixWidget;
				PRODUCT_NAME = "$(TARGET_NAME)";
				SKIP_INSTALL = YES;
				SWIFT_EMIT_LOC_STRINGS = YES;
				SWIFT_VERSION = 5.0;
				TARGETED_DEVICE_FAMILY = "1,2";
			};
			name = Debug;
		};
		A41A1DF42CC8B48E007ECEEA /* Release */ = {
			isa = XCBuildConfiguration;
			buildSettings = {
				ASSETCATALOG_COMPILER_GLOBAL_ACCENT_COLOR_NAME = AccentColor;
				ASSETCATALOG_COMPILER_WIDGET_BACKGROUND_COLOR_NAME = WidgetBackground;
				CODE_SIGN_ENTITLEMENTS = VerbalixWidgetExtension.entitlements;
				CODE_SIGN_STYLE = Automatic;
				CURRENT_PROJECT_VERSION = 1;
				DEVELOPMENT_TEAM = K2WR3HLA57;
				GENERATE_INFOPLIST_FILE = YES;
				INFOPLIST_FILE = VerbalixWidget/Info.plist;
				INFOPLIST_KEY_CFBundleDisplayName = VerbalixWidget;
				INFOPLIST_KEY_NSHumanReadableCopyright = "";
				LD_RUNPATH_SEARCH_PATHS = (
					"$(inherited)",
					"@executable_path/Frameworks",
					"@executable_path/../../Frameworks",
				);
				MARKETING_VERSION = 1.0;
				PRODUCT_BUNDLE_IDENTIFIER = com.alexbeals.Verbalix.VerbalixWidget;
				PRODUCT_NAME = "$(TARGET_NAME)";
				SKIP_INSTALL = YES;
				SWIFT_EMIT_LOC_STRINGS = YES;
				SWIFT_VERSION = 5.0;
				TARGETED_DEVICE_FAMILY = "1,2";
			};
			name = Release;
		};
		A444D1432C75A36F00BC610F /* Debug */ = {
			isa = XCBuildConfiguration;
			buildSettings = {
				ALWAYS_SEARCH_USER_PATHS = NO;
				ASSETCATALOG_COMPILER_GENERATE_SWIFT_ASSET_SYMBOL_EXTENSIONS = YES;
				CLANG_ANALYZER_NONNULL = YES;
				CLANG_ANALYZER_NUMBER_OBJECT_CONVERSION = YES_AGGRESSIVE;
				CLANG_CXX_LANGUAGE_STANDARD = "gnu++20";
				CLANG_ENABLE_MODULES = YES;
				CLANG_ENABLE_OBJC_ARC = YES;
				CLANG_ENABLE_OBJC_WEAK = YES;
				CLANG_WARN_BLOCK_CAPTURE_AUTORELEASING = YES;
				CLANG_WARN_BOOL_CONVERSION = YES;
				CLANG_WARN_COMMA = YES;
				CLANG_WARN_CONSTANT_CONVERSION = YES;
				CLANG_WARN_DEPRECATED_OBJC_IMPLEMENTATIONS = YES;
				CLANG_WARN_DIRECT_OBJC_ISA_USAGE = YES_ERROR;
				CLANG_WARN_DOCUMENTATION_COMMENTS = YES;
				CLANG_WARN_EMPTY_BODY = YES;
				CLANG_WARN_ENUM_CONVERSION = YES;
				CLANG_WARN_INFINITE_RECURSION = YES;
				CLANG_WARN_INT_CONVERSION = YES;
				CLANG_WARN_NON_LITERAL_NULL_CONVERSION = YES;
				CLANG_WARN_OBJC_IMPLICIT_RETAIN_SELF = YES;
				CLANG_WARN_OBJC_LITERAL_CONVERSION = YES;
				CLANG_WARN_OBJC_ROOT_CLASS = YES_ERROR;
				CLANG_WARN_QUOTED_INCLUDE_IN_FRAMEWORK_HEADER = YES;
				CLANG_WARN_RANGE_LOOP_ANALYSIS = YES;
				CLANG_WARN_STRICT_PROTOTYPES = YES;
				CLANG_WARN_SUSPICIOUS_MOVE = YES;
				CLANG_WARN_UNGUARDED_AVAILABILITY = YES_AGGRESSIVE;
				CLANG_WARN_UNREACHABLE_CODE = YES;
				CLANG_WARN__DUPLICATE_METHOD_MATCH = YES;
				COPY_PHASE_STRIP = NO;
				DEBUG_INFORMATION_FORMAT = dwarf;
				ENABLE_STRICT_OBJC_MSGSEND = YES;
				ENABLE_TESTABILITY = YES;
				ENABLE_USER_SCRIPT_SANDBOXING = YES;
				GCC_C_LANGUAGE_STANDARD = gnu17;
				GCC_DYNAMIC_NO_PIC = NO;
				GCC_NO_COMMON_BLOCKS = YES;
				GCC_OPTIMIZATION_LEVEL = 0;
				GCC_PREPROCESSOR_DEFINITIONS = (
					"DEBUG=1",
					"$(inherited)",
				);
				GCC_WARN_64_TO_32_BIT_CONVERSION = YES;
				GCC_WARN_ABOUT_RETURN_TYPE = YES_ERROR;
				GCC_WARN_UNDECLARED_SELECTOR = YES;
				GCC_WARN_UNINITIALIZED_AUTOS = YES_AGGRESSIVE;
				GCC_WARN_UNUSED_FUNCTION = YES;
				GCC_WARN_UNUSED_VARIABLE = YES;
				IPHONEOS_DEPLOYMENT_TARGET = 17.4;
				LOCALIZATION_PREFERS_STRING_CATALOGS = YES;
				MTL_ENABLE_DEBUG_INFO = INCLUDE_SOURCE;
				MTL_FAST_MATH = YES;
				ONLY_ACTIVE_ARCH = YES;
				SDKROOT = iphoneos;
				SWIFT_ACTIVE_COMPILATION_CONDITIONS = "DEBUG $(inherited)";
				SWIFT_OPTIMIZATION_LEVEL = "-Onone";
			};
			name = Debug;
		};
		A444D1442C75A36F00BC610F /* Release */ = {
			isa = XCBuildConfiguration;
			buildSettings = {
				ALWAYS_SEARCH_USER_PATHS = NO;
				ASSETCATALOG_COMPILER_GENERATE_SWIFT_ASSET_SYMBOL_EXTENSIONS = YES;
				CLANG_ANALYZER_NONNULL = YES;
				CLANG_ANALYZER_NUMBER_OBJECT_CONVERSION = YES_AGGRESSIVE;
				CLANG_CXX_LANGUAGE_STANDARD = "gnu++20";
				CLANG_ENABLE_MODULES = YES;
				CLANG_ENABLE_OBJC_ARC = YES;
				CLANG_ENABLE_OBJC_WEAK = YES;
				CLANG_WARN_BLOCK_CAPTURE_AUTORELEASING = YES;
				CLANG_WARN_BOOL_CONVERSION = YES;
				CLANG_WARN_COMMA = YES;
				CLANG_WARN_CONSTANT_CONVERSION = YES;
				CLANG_WARN_DEPRECATED_OBJC_IMPLEMENTATIONS = YES;
				CLANG_WARN_DIRECT_OBJC_ISA_USAGE = YES_ERROR;
				CLANG_WARN_DOCUMENTATION_COMMENTS = YES;
				CLANG_WARN_EMPTY_BODY = YES;
				CLANG_WARN_ENUM_CONVERSION = YES;
				CLANG_WARN_INFINITE_RECURSION = YES;
				CLANG_WARN_INT_CONVERSION = YES;
				CLANG_WARN_NON_LITERAL_NULL_CONVERSION = YES;
				CLANG_WARN_OBJC_IMPLICIT_RETAIN_SELF = YES;
				CLANG_WARN_OBJC_LITERAL_CONVERSION = YES;
				CLANG_WARN_OBJC_ROOT_CLASS = YES_ERROR;
				CLANG_WARN_QUOTED_INCLUDE_IN_FRAMEWORK_HEADER = YES;
				CLANG_WARN_RANGE_LOOP_ANALYSIS = YES;
				CLANG_WARN_STRICT_PROTOTYPES = YES;
				CLANG_WARN_SUSPICIOUS_MOVE = YES;
				CLANG_WARN_UNGUARDED_AVAILABILITY = YES_AGGRESSIVE;
				CLANG_WARN_UNREACHABLE_CODE = YES;
				CLANG_WARN__DUPLICATE_METHOD_MATCH = YES;
				COPY_PHASE_STRIP = NO;
				DEBUG_INFORMATION_FORMAT = "dwarf-with-dsym";
				ENABLE_NS_ASSERTIONS = NO;
				ENABLE_STRICT_OBJC_MSGSEND = YES;
				ENABLE_USER_SCRIPT_SANDBOXING = YES;
				GCC_C_LANGUAGE_STANDARD = gnu17;
				GCC_NO_COMMON_BLOCKS = YES;
				GCC_WARN_64_TO_32_BIT_CONVERSION = YES;
				GCC_WARN_ABOUT_RETURN_TYPE = YES_ERROR;
				GCC_WARN_UNDECLARED_SELECTOR = YES;
				GCC_WARN_UNINITIALIZED_AUTOS = YES_AGGRESSIVE;
				GCC_WARN_UNUSED_FUNCTION = YES;
				GCC_WARN_UNUSED_VARIABLE = YES;
				IPHONEOS_DEPLOYMENT_TARGET = 17.4;
				LOCALIZATION_PREFERS_STRING_CATALOGS = YES;
				MTL_ENABLE_DEBUG_INFO = NO;
				MTL_FAST_MATH = YES;
				SDKROOT = iphoneos;
				SWIFT_COMPILATION_MODE = wholemodule;
				VALIDATE_PRODUCT = YES;
			};
			name = Release;
		};
		A444D1462C75A36F00BC610F /* Debug */ = {
			isa = XCBuildConfiguration;
			buildSettings = {
				ALWAYS_EMBED_SWIFT_STANDARD_LIBRARIES = YES;
				ASSETCATALOG_COMPILER_APPICON_NAME = AppIcon;
				ASSETCATALOG_COMPILER_GLOBAL_ACCENT_COLOR_NAME = AccentColor;
				CODE_SIGN_ENTITLEMENTS = Verbalix/Verbalix.entitlements;
				CODE_SIGN_STYLE = Automatic;
				CURRENT_PROJECT_VERSION = 1;
				DEVELOPMENT_ASSET_PATHS = "\"Verbalix/Preview Content\"";
				DEVELOPMENT_TEAM = K2WR3HLA57;
				ENABLE_PREVIEWS = YES;
				GENERATE_INFOPLIST_FILE = YES;
				INFOPLIST_KEY_UIApplicationSceneManifest_Generation = YES;
				INFOPLIST_KEY_UIApplicationSupportsIndirectInputEvents = YES;
				INFOPLIST_KEY_UILaunchScreen_Generation = YES;
				INFOPLIST_KEY_UISupportedInterfaceOrientations_iPad = "UIInterfaceOrientationPortrait UIInterfaceOrientationPortraitUpsideDown UIInterfaceOrientationLandscapeLeft UIInterfaceOrientationLandscapeRight";
				INFOPLIST_KEY_UISupportedInterfaceOrientations_iPhone = "UIInterfaceOrientationPortrait UIInterfaceOrientationLandscapeLeft UIInterfaceOrientationLandscapeRight";
				LD_RUNPATH_SEARCH_PATHS = (
					"$(inherited)",
					"@executable_path/Frameworks",
				);
				MARKETING_VERSION = 1.0;
				PRODUCT_BUNDLE_IDENTIFIER = com.alexbeals.Verbalix;
				PRODUCT_NAME = "$(TARGET_NAME)";
				SWIFT_EMIT_LOC_STRINGS = YES;
				SWIFT_VERSION = 5.0;
				TARGETED_DEVICE_FAMILY = "1,2";
			};
			name = Debug;
		};
		A444D1472C75A36F00BC610F /* Release */ = {
			isa = XCBuildConfiguration;
			buildSettings = {
				ALWAYS_EMBED_SWIFT_STANDARD_LIBRARIES = YES;
				ASSETCATALOG_COMPILER_APPICON_NAME = AppIcon;
				ASSETCATALOG_COMPILER_GLOBAL_ACCENT_COLOR_NAME = AccentColor;
				CODE_SIGN_ENTITLEMENTS = Verbalix/Verbalix.entitlements;
				CODE_SIGN_STYLE = Automatic;
				CURRENT_PROJECT_VERSION = 1;
				DEVELOPMENT_ASSET_PATHS = "\"Verbalix/Preview Content\"";
				DEVELOPMENT_TEAM = K2WR3HLA57;
				ENABLE_PREVIEWS = YES;
				GENERATE_INFOPLIST_FILE = YES;
				INFOPLIST_KEY_UIApplicationSceneManifest_Generation = YES;
				INFOPLIST_KEY_UIApplicationSupportsIndirectInputEvents = YES;
				INFOPLIST_KEY_UILaunchScreen_Generation = YES;
				INFOPLIST_KEY_UISupportedInterfaceOrientations_iPad = "UIInterfaceOrientationPortrait UIInterfaceOrientationPortraitUpsideDown UIInterfaceOrientationLandscapeLeft UIInterfaceOrientationLandscapeRight";
				INFOPLIST_KEY_UISupportedInterfaceOrientations_iPhone = "UIInterfaceOrientationPortrait UIInterfaceOrientationLandscapeLeft UIInterfaceOrientationLandscapeRight";
				LD_RUNPATH_SEARCH_PATHS = (
					"$(inherited)",
					"@executable_path/Frameworks",
				);
				MARKETING_VERSION = 1.0;
				PRODUCT_BUNDLE_IDENTIFIER = com.alexbeals.Verbalix;
				PRODUCT_NAME = "$(TARGET_NAME)";
				SWIFT_EMIT_LOC_STRINGS = YES;
				SWIFT_VERSION = 5.0;
				TARGETED_DEVICE_FAMILY = "1,2";
			};
			name = Release;
		};
		A444D1492C75A36F00BC610F /* Debug */ = {
			isa = XCBuildConfiguration;
			buildSettings = {
				ALWAYS_EMBED_SWIFT_STANDARD_LIBRARIES = YES;
				BUNDLE_LOADER = "$(TEST_HOST)";
				CODE_SIGN_STYLE = Automatic;
				CURRENT_PROJECT_VERSION = 1;
				DEVELOPMENT_TEAM = K2WR3HLA57;
				GENERATE_INFOPLIST_FILE = YES;
				IPHONEOS_DEPLOYMENT_TARGET = 17.4;
				MARKETING_VERSION = 1.0;
				PRODUCT_BUNDLE_IDENTIFIER = com.alexbeals.VerbalixTests;
				PRODUCT_NAME = "$(TARGET_NAME)";
				SWIFT_EMIT_LOC_STRINGS = NO;
				SWIFT_VERSION = 5.0;
				TARGETED_DEVICE_FAMILY = "1,2";
				TEST_HOST = "$(BUILT_PRODUCTS_DIR)/Verbalix.app/$(BUNDLE_EXECUTABLE_FOLDER_PATH)/Verbalix";
			};
			name = Debug;
		};
		A444D14A2C75A36F00BC610F /* Release */ = {
			isa = XCBuildConfiguration;
			buildSettings = {
				ALWAYS_EMBED_SWIFT_STANDARD_LIBRARIES = YES;
				BUNDLE_LOADER = "$(TEST_HOST)";
				CODE_SIGN_STYLE = Automatic;
				CURRENT_PROJECT_VERSION = 1;
				DEVELOPMENT_TEAM = K2WR3HLA57;
				GENERATE_INFOPLIST_FILE = YES;
				IPHONEOS_DEPLOYMENT_TARGET = 17.4;
				MARKETING_VERSION = 1.0;
				PRODUCT_BUNDLE_IDENTIFIER = com.alexbeals.VerbalixTests;
				PRODUCT_NAME = "$(TARGET_NAME)";
				SWIFT_EMIT_LOC_STRINGS = NO;
				SWIFT_VERSION = 5.0;
				TARGETED_DEVICE_FAMILY = "1,2";
				TEST_HOST = "$(BUILT_PRODUCTS_DIR)/Verbalix.app/$(BUNDLE_EXECUTABLE_FOLDER_PATH)/Verbalix";
			};
			name = Release;
		};
		A444D14C2C75A36F00BC610F /* Debug */ = {
			isa = XCBuildConfiguration;
			buildSettings = {
				ALWAYS_EMBED_SWIFT_STANDARD_LIBRARIES = YES;
				CODE_SIGN_STYLE = Automatic;
				CURRENT_PROJECT_VERSION = 1;
				DEVELOPMENT_TEAM = K2WR3HLA57;
				GENERATE_INFOPLIST_FILE = YES;
				MARKETING_VERSION = 1.0;
				PRODUCT_BUNDLE_IDENTIFIER = com.alexbeals.VerbalixUITests;
				PRODUCT_NAME = "$(TARGET_NAME)";
				SWIFT_EMIT_LOC_STRINGS = NO;
				SWIFT_VERSION = 5.0;
				TARGETED_DEVICE_FAMILY = "1,2";
				TEST_TARGET_NAME = Verbalix;
			};
			name = Debug;
		};
		A444D14D2C75A36F00BC610F /* Release */ = {
			isa = XCBuildConfiguration;
			buildSettings = {
				ALWAYS_EMBED_SWIFT_STANDARD_LIBRARIES = YES;
				CODE_SIGN_STYLE = Automatic;
				CURRENT_PROJECT_VERSION = 1;
				DEVELOPMENT_TEAM = K2WR3HLA57;
				GENERATE_INFOPLIST_FILE = YES;
				MARKETING_VERSION = 1.0;
				PRODUCT_BUNDLE_IDENTIFIER = com.alexbeals.VerbalixUITests;
				PRODUCT_NAME = "$(TARGET_NAME)";
				SWIFT_EMIT_LOC_STRINGS = NO;
				SWIFT_VERSION = 5.0;
				TARGETED_DEVICE_FAMILY = "1,2";
				TEST_TARGET_NAME = Verbalix;
			};
			name = Release;
		};
		A444D15E2C75A55700BC610F /* Debug */ = {
			isa = XCBuildConfiguration;
			buildSettings = {
				CODE_SIGN_STYLE = Automatic;
				CURRENT_PROJECT_VERSION = 1;
				DEVELOPMENT_TEAM = K2WR3HLA57;
				GENERATE_INFOPLIST_FILE = YES;
				INFOPLIST_FILE = VerbalixShareExtension/Info.plist;
				INFOPLIST_KEY_CFBundleDisplayName = VerbalixShareExtension;
				INFOPLIST_KEY_NSHumanReadableCopyright = "";
				LD_RUNPATH_SEARCH_PATHS = (
					"$(inherited)",
					"@executable_path/Frameworks",
					"@executable_path/../../Frameworks",
				);
				MARKETING_VERSION = 1.0;
				PRODUCT_BUNDLE_IDENTIFIER = com.alexbeals.Verbalix.VerbalixShareExtension;
				PRODUCT_NAME = "$(TARGET_NAME)";
				SKIP_INSTALL = YES;
				SWIFT_EMIT_LOC_STRINGS = YES;
				SWIFT_VERSION = 5.0;
				TARGETED_DEVICE_FAMILY = "1,2";
			};
			name = Debug;
		};
		A444D15F2C75A55700BC610F /* Release */ = {
			isa = XCBuildConfiguration;
			buildSettings = {
				CODE_SIGN_STYLE = Automatic;
				CURRENT_PROJECT_VERSION = 1;
				DEVELOPMENT_TEAM = K2WR3HLA57;
				GENERATE_INFOPLIST_FILE = YES;
				INFOPLIST_FILE = VerbalixShareExtension/Info.plist;
				INFOPLIST_KEY_CFBundleDisplayName = VerbalixShareExtension;
				INFOPLIST_KEY_NSHumanReadableCopyright = "";
				LD_RUNPATH_SEARCH_PATHS = (
					"$(inherited)",
					"@executable_path/Frameworks",
					"@executable_path/../../Frameworks",
				);
				MARKETING_VERSION = 1.0;
				PRODUCT_BUNDLE_IDENTIFIER = com.alexbeals.Verbalix.VerbalixShareExtension;
				PRODUCT_NAME = "$(TARGET_NAME)";
				SKIP_INSTALL = YES;
				SWIFT_EMIT_LOC_STRINGS = YES;
				SWIFT_VERSION = 5.0;
				TARGETED_DEVICE_FAMILY = "1,2";
			};
			name = Release;
		};
		A444D1752C75A73800BC610F /* Debug */ = {
			isa = XCBuildConfiguration;
			buildSettings = {
				CODE_SIGN_STYLE = Automatic;
				CURRENT_PROJECT_VERSION = 1;
				DEVELOPMENT_TEAM = K2WR3HLA57;
				GENERATE_INFOPLIST_FILE = YES;
				INFOPLIST_FILE = VerbalixActionExtension/Info.plist;
				INFOPLIST_KEY_CFBundleDisplayName = VerbalixActionExtension;
				INFOPLIST_KEY_NSHumanReadableCopyright = "";
				LD_RUNPATH_SEARCH_PATHS = (
					"$(inherited)",
					"@executable_path/Frameworks",
					"@executable_path/../../Frameworks",
				);
				MARKETING_VERSION = 1.0;
				PRODUCT_BUNDLE_IDENTIFIER = com.alexbeals.Verbalix.VerbalixActionExtension;
				PRODUCT_NAME = "$(TARGET_NAME)";
				SKIP_INSTALL = YES;
				SWIFT_EMIT_LOC_STRINGS = YES;
				SWIFT_VERSION = 5.0;
				TARGETED_DEVICE_FAMILY = "1,2";
			};
			name = Debug;
		};
		A444D1762C75A73800BC610F /* Release */ = {
			isa = XCBuildConfiguration;
			buildSettings = {
				CODE_SIGN_STYLE = Automatic;
				CURRENT_PROJECT_VERSION = 1;
				DEVELOPMENT_TEAM = K2WR3HLA57;
				GENERATE_INFOPLIST_FILE = YES;
				INFOPLIST_FILE = VerbalixActionExtension/Info.plist;
				INFOPLIST_KEY_CFBundleDisplayName = VerbalixActionExtension;
				INFOPLIST_KEY_NSHumanReadableCopyright = "";
				LD_RUNPATH_SEARCH_PATHS = (
					"$(inherited)",
					"@executable_path/Frameworks",
					"@executable_path/../../Frameworks",
				);
				MARKETING_VERSION = 1.0;
				PRODUCT_BUNDLE_IDENTIFIER = com.alexbeals.Verbalix.VerbalixActionExtension;
				PRODUCT_NAME = "$(TARGET_NAME)";
				SKIP_INSTALL = YES;
				SWIFT_EMIT_LOC_STRINGS = YES;
				SWIFT_VERSION = 5.0;
				TARGETED_DEVICE_FAMILY = "1,2";
			};
			name = Release;
		};
/* End XCBuildConfiguration section */

/* Begin XCConfigurationList section */
		A41A1DF52CC8B48E007ECEEA /* Build configuration list for PBXNativeTarget "VerbalixWidgetExtension" */ = {
			isa = XCConfigurationList;
			buildConfigurations = (
				A41A1DF32CC8B48E007ECEEA /* Debug */,
				A41A1DF42CC8B48E007ECEEA /* Release */,
			);
			defaultConfigurationIsVisible = 0;
			defaultConfigurationName = Release;
		};
		A444D11A2C75A36E00BC610F /* Build configuration list for PBXProject "Verbalix" */ = {
			isa = XCConfigurationList;
			buildConfigurations = (
				A444D1432C75A36F00BC610F /* Debug */,
				A444D1442C75A36F00BC610F /* Release */,
			);
			defaultConfigurationIsVisible = 0;
			defaultConfigurationName = Release;
		};
		A444D1452C75A36F00BC610F /* Build configuration list for PBXNativeTarget "Verbalix" */ = {
			isa = XCConfigurationList;
			buildConfigurations = (
				A444D1462C75A36F00BC610F /* Debug */,
				A444D1472C75A36F00BC610F /* Release */,
			);
			defaultConfigurationIsVisible = 0;
			defaultConfigurationName = Release;
		};
		A444D1482C75A36F00BC610F /* Build configuration list for PBXNativeTarget "VerbalixTests" */ = {
			isa = XCConfigurationList;
			buildConfigurations = (
				A444D1492C75A36F00BC610F /* Debug */,
				A444D14A2C75A36F00BC610F /* Release */,
			);
			defaultConfigurationIsVisible = 0;
			defaultConfigurationName = Release;
		};
		A444D14B2C75A36F00BC610F /* Build configuration list for PBXNativeTarget "VerbalixUITests" */ = {
			isa = XCConfigurationList;
			buildConfigurations = (
				A444D14C2C75A36F00BC610F /* Debug */,
				A444D14D2C75A36F00BC610F /* Release */,
			);
			defaultConfigurationIsVisible = 0;
			defaultConfigurationName = Release;
		};
		A444D15D2C75A55700BC610F /* Build configuration list for PBXNativeTarget "VerbalixShareExtension" */ = {
			isa = XCConfigurationList;
			buildConfigurations = (
				A444D15E2C75A55700BC610F /* Debug */,
				A444D15F2C75A55700BC610F /* Release */,
			);
			defaultConfigurationIsVisible = 0;
			defaultConfigurationName = Release;
		};
		A444D1742C75A73800BC610F /* Build configuration list for PBXNativeTarget "VerbalixActionExtension" */ = {
			isa = XCConfigurationList;
			buildConfigurations = (
				A444D1752C75A73800BC610F /* Debug */,
				A444D1762C75A73800BC610F /* Release */,
			);
			defaultConfigurationIsVisible = 0;
			defaultConfigurationName = Release;
		};
/* End XCConfigurationList section */
	};
	rootObject = A444D1172C75A36E00BC610F /* Project object */;
}
